
Microsoft Visual Studio Solution File, Format Version 12.00
# Visual Studio Version 16
VisualStudioVersion = 16.0.30104.148
MinimumVisualStudioVersion = 10.0.40219.1
Project("{FAE04EC0-301F-11D3-BF4B-00C04F79EFBC}") = "20200620_초심으로 돌아가서 다시 개념 잡기", "20200620_초심으로 돌아가서 다시 개념 잡기\20200620_초심으로 돌아가서 다시 개념 잡기.csproj", "{9965D166-8CC6-416D-BD2B-7D296D642807}"
EndProject
Global
	GlobalSection(SolutionConfigurationPlatforms) = preSolution
		Debug|Any CPU = Debug|Any CPU
		Release|Any CPU = Release|Any CPU
	EndGlobalSection
	GlobalSection(ProjectConfigurationPlatforms) = postSolution
		{9965D166-8CC6-416D-BD2B-7D296D642807}.Debug|Any CPU.ActiveCfg = Debug|Any CPU
		{9965D166-8CC6-416D-BD2B-7D296D642807}.Debug|Any CPU.Build.0 = Debug|Any CPU
		{9965D166-8CC6-416D-BD2B-7D296D642807}.Release|Any CPU.ActiveCfg = Release|Any CPU
		{9965D166-8CC6-416D-BD2B-7D296D642807}.Release|Any CPU.Build.0 = Release|Any CPU
	EndGlobalSection
	GlobalSection(SolutionProperties) = preSolution
		HideSolutionNode = FALSE
	EndGlobalSection
	GlobalSection(ExtensibilityGlobals) = postSolution
		SolutionGuid = {6CE3B1E3-CDFC-4EEB-BF2C-78976D4D0886}
	EndGlobalSection
EndGlobal
