
Microsoft Visual Studio Solution File, Format Version 12.00
# Visual Studio Version 16
VisualStudioVersion = 16.0.30104.148
MinimumVisualStudioVersion = 10.0.40219.1
Project("{FAE04EC0-301F-11D3-BF4B-00C04F79EFBC}") = "20200621_Winform", "20200621_Winform\20200621_Winform.csproj", "{96D1C3FC-FB72-4335-B7C0-31392527763E}"
EndProject
Global
	GlobalSection(SolutionConfigurationPlatforms) = preSolution
		Debug|Any CPU = Debug|Any CPU
		Release|Any CPU = Release|Any CPU
	EndGlobalSection
	GlobalSection(ProjectConfigurationPlatforms) = postSolution
		{96D1C3FC-FB72-4335-B7C0-31392527763E}.Debug|Any CPU.ActiveCfg = Debug|Any CPU
		{96D1C3FC-FB72-4335-B7C0-31392527763E}.Debug|Any CPU.Build.0 = Debug|Any CPU
		{96D1C3FC-FB72-4335-B7C0-31392527763E}.Release|Any CPU.ActiveCfg = Release|Any CPU
		{96D1C3FC-FB72-4335-B7C0-31392527763E}.Release|Any CPU.Build.0 = Release|Any CPU
	EndGlobalSection
	GlobalSection(SolutionProperties) = preSolution
		HideSolutionNode = FALSE
	EndGlobalSection
	GlobalSection(ExtensibilityGlobals) = postSolution
		SolutionGuid = {F627FD4B-D37A-44DE-86AA-6B95C9F54C91}
	EndGlobalSection
EndGlobal
