
Microsoft Visual Studio Solution File, Format Version 12.00
# Visual Studio Version 16
VisualStudioVersion = 16.0.30104.148
MinimumVisualStudioVersion = 10.0.40219.1
Project("{FAE04EC0-301F-11D3-BF4B-00C04F79EFBC}") = "20200621_Winform", "20200621_Winform\20200621_Winform.csproj", "{96D1C3FC-FB72-4335-B7C0-31392527763E}"
EndProject
Project("{FAE04EC0-301F-11D3-BF4B-00C04F79EFBC}") = "20200621_CheckBoxApp", "20200621_CheckBoxApp\20200621_CheckBoxApp.csproj", "{66D62DF0-9B11-4D39-979E-749722310790}"
EndProject
Project("{FAE04EC0-301F-11D3-BF4B-00C04F79EFBC}") = "20200621_라디오 버튼", "20200621_라디오 버튼\20200621_라디오 버튼.csproj", "{661CFA9E-AB6C-4538-9C47-9B3EB273FF50}"
EndProject
Project("{FAE04EC0-301F-11D3-BF4B-00C04F79EFBC}") = "20200621_텍스트 상자", "20200621_텍스트 상자\20200621_텍스트 상자.csproj", "{6DE8C67D-DCBE-44BA-8974-6AFD74A1EA09}"
EndProject
Project("{FAE04EC0-301F-11D3-BF4B-00C04F79EFBC}") = "20200621CHART 와 DB 연동", "20200621CHART 와 DB 연동\20200621CHART 와 DB 연동.csproj", "{5AC33BC4-2BD4-4DD7-8CB9-2802F7948CC3}"
EndProject
Global
	GlobalSection(SolutionConfigurationPlatforms) = preSolution
		Debug|Any CPU = Debug|Any CPU
		Release|Any CPU = Release|Any CPU
	EndGlobalSection
	GlobalSection(ProjectConfigurationPlatforms) = postSolution
		{96D1C3FC-FB72-4335-B7C0-31392527763E}.Debug|Any CPU.ActiveCfg = Debug|Any CPU
		{96D1C3FC-FB72-4335-B7C0-31392527763E}.Debug|Any CPU.Build.0 = Debug|Any CPU
		{96D1C3FC-FB72-4335-B7C0-31392527763E}.Release|Any CPU.ActiveCfg = Release|Any CPU
		{96D1C3FC-FB72-4335-B7C0-31392527763E}.Release|Any CPU.Build.0 = Release|Any CPU
		{66D62DF0-9B11-4D39-979E-749722310790}.Debug|Any CPU.ActiveCfg = Debug|Any CPU
		{66D62DF0-9B11-4D39-979E-749722310790}.Debug|Any CPU.Build.0 = Debug|Any CPU
		{66D62DF0-9B11-4D39-979E-749722310790}.Release|Any CPU.ActiveCfg = Release|Any CPU
		{66D62DF0-9B11-4D39-979E-749722310790}.Release|Any CPU.Build.0 = Release|Any CPU
		{661CFA9E-AB6C-4538-9C47-9B3EB273FF50}.Debug|Any CPU.ActiveCfg = Debug|Any CPU
		{661CFA9E-AB6C-4538-9C47-9B3EB273FF50}.Debug|Any CPU.Build.0 = Debug|Any CPU
		{661CFA9E-AB6C-4538-9C47-9B3EB273FF50}.Release|Any CPU.ActiveCfg = Release|Any CPU
		{661CFA9E-AB6C-4538-9C47-9B3EB273FF50}.Release|Any CPU.Build.0 = Release|Any CPU
		{6DE8C67D-DCBE-44BA-8974-6AFD74A1EA09}.Debug|Any CPU.ActiveCfg = Debug|Any CPU
		{6DE8C67D-DCBE-44BA-8974-6AFD74A1EA09}.Debug|Any CPU.Build.0 = Debug|Any CPU
		{6DE8C67D-DCBE-44BA-8974-6AFD74A1EA09}.Release|Any CPU.ActiveCfg = Release|Any CPU
		{6DE8C67D-DCBE-44BA-8974-6AFD74A1EA09}.Release|Any CPU.Build.0 = Release|Any CPU
		{5AC33BC4-2BD4-4DD7-8CB9-2802F7948CC3}.Debug|Any CPU.ActiveCfg = Debug|Any CPU
		{5AC33BC4-2BD4-4DD7-8CB9-2802F7948CC3}.Debug|Any CPU.Build.0 = Debug|Any CPU
		{5AC33BC4-2BD4-4DD7-8CB9-2802F7948CC3}.Release|Any CPU.ActiveCfg = Release|Any CPU
		{5AC33BC4-2BD4-4DD7-8CB9-2802F7948CC3}.Release|Any CPU.Build.0 = Release|Any CPU
	EndGlobalSection
	GlobalSection(SolutionProperties) = preSolution
		HideSolutionNode = FALSE
	EndGlobalSection
	GlobalSection(ExtensibilityGlobals) = postSolution
		SolutionGuid = {F627FD4B-D37A-44DE-86AA-6B95C9F54C91}
	EndGlobalSection
EndGlobal
