
Microsoft Visual Studio Solution File, Format Version 12.00
# Visual Studio Version 16
VisualStudioVersion = 16.0.30104.148
MinimumVisualStudioVersion = 10.0.40219.1
Project("{FAE04EC0-301F-11D3-BF4B-00C04F79EFBC}") = "20200620_공부하는 내용보다 잊어버리는 내용이 더 많네", "20200620_공부하는 내용보다 잊어버리는 내용이 더 많네\20200620_공부하는 내용보다 잊어버리는 내용이 더 많네.csproj", "{48CC57AE-90AA-4B32-BABD-31EB08A71FB1}"
EndProject
Global
	GlobalSection(SolutionConfigurationPlatforms) = preSolution
		Debug|Any CPU = Debug|Any CPU
		Release|Any CPU = Release|Any CPU
	EndGlobalSection
	GlobalSection(ProjectConfigurationPlatforms) = postSolution
		{48CC57AE-90AA-4B32-BABD-31EB08A71FB1}.Debug|Any CPU.ActiveCfg = Debug|Any CPU
		{48CC57AE-90AA-4B32-BABD-31EB08A71FB1}.Debug|Any CPU.Build.0 = Debug|Any CPU
		{48CC57AE-90AA-4B32-BABD-31EB08A71FB1}.Release|Any CPU.ActiveCfg = Release|Any CPU
		{48CC57AE-90AA-4B32-BABD-31EB08A71FB1}.Release|Any CPU.Build.0 = Release|Any CPU
	EndGlobalSection
	GlobalSection(SolutionProperties) = preSolution
		HideSolutionNode = FALSE
	EndGlobalSection
	GlobalSection(ExtensibilityGlobals) = postSolution
		SolutionGuid = {4CA554E3-F447-461D-8FF1-E6BC2D92FEB2}
	EndGlobalSection
EndGlobal
